
Microsoft Visual Studio Solution File, Format Version 12.00
# Visual Studio Version 16
VisualStudioVersion = 16.0.32602.291
MinimumVisualStudioVersion = 10.0.40219.1
Project("{9A19103F-16F7-4668-BE54-9A1E7A4F7556}") = "DigitalThinkers", "DigitalThinkers.csproj", "{B0AE41DB-9E40-4786-A941-71965A2EA241}"
EndProject
Project("{FAE04EC0-301F-11D3-BF4B-00C04F79EFBC}") = "CashierService", "..\DigitalThinkers.Services\CashierService\CashierService.csproj", "{338895F5-9ABB-43D1-A9BD-C4AF756784A6}"
EndProject
Project("{FAE04EC0-301F-11D3-BF4B-00C04F79EFBC}") = "DigitalThinkers.Common.Entities", "..\DigitalThinkers.Common\DigitalThinkers.Common.Entities\DigitalThinkers.Common.Entities.csproj", "{FC69B9E9-1D2D-4748-9D8E-FE017316AD7E}"
EndProject
Global
	GlobalSection(SolutionConfigurationPlatforms) = preSolution
		Debug|Any CPU = Debug|Any CPU
		Release|Any CPU = Release|Any CPU
	EndGlobalSection
	GlobalSection(ProjectConfigurationPlatforms) = postSolution
		{B0AE41DB-9E40-4786-A941-71965A2EA241}.Debug|Any CPU.ActiveCfg = Debug|Any CPU
		{B0AE41DB-9E40-4786-A941-71965A2EA241}.Debug|Any CPU.Build.0 = Debug|Any CPU
		{B0AE41DB-9E40-4786-A941-71965A2EA241}.Release|Any CPU.ActiveCfg = Release|Any CPU
		{B0AE41DB-9E40-4786-A941-71965A2EA241}.Release|Any CPU.Build.0 = Release|Any CPU
		{338895F5-9ABB-43D1-A9BD-C4AF756784A6}.Debug|Any CPU.ActiveCfg = Debug|Any CPU
		{338895F5-9ABB-43D1-A9BD-C4AF756784A6}.Debug|Any CPU.Build.0 = Debug|Any CPU
		{338895F5-9ABB-43D1-A9BD-C4AF756784A6}.Release|Any CPU.ActiveCfg = Release|Any CPU
		{338895F5-9ABB-43D1-A9BD-C4AF756784A6}.Release|Any CPU.Build.0 = Release|Any CPU
		{FC69B9E9-1D2D-4748-9D8E-FE017316AD7E}.Debug|Any CPU.ActiveCfg = Debug|Any CPU
		{FC69B9E9-1D2D-4748-9D8E-FE017316AD7E}.Debug|Any CPU.Build.0 = Debug|Any CPU
		{FC69B9E9-1D2D-4748-9D8E-FE017316AD7E}.Release|Any CPU.ActiveCfg = Release|Any CPU
		{FC69B9E9-1D2D-4748-9D8E-FE017316AD7E}.Release|Any CPU.Build.0 = Release|Any CPU
	EndGlobalSection
	GlobalSection(SolutionProperties) = preSolution
		HideSolutionNode = FALSE
	EndGlobalSection
	GlobalSection(ExtensibilityGlobals) = postSolution
		SolutionGuid = {8EB7650B-86F7-4B7B-96B2-85B34D7DE73D}
	EndGlobalSection
EndGlobal
